
Microsoft Visual Studio Solution File, Format Version 12.00
# Visual Studio Version 17
VisualStudioVersion = 17.11.35327.3
MinimumVisualStudioVersion = 10.0.40219.1
Project("{FAE04EC0-301F-11D3-BF4B-00C04F79EFBC}") = "Dominio", "Dominio\Dominio.csproj", "{C4494284-FB8B-4396-A2C5-97F6236016B2}"
EndProject
Project("{FAE04EC0-301F-11D3-BF4B-00C04F79EFBC}") = "Infraestructura", "Infraestructura\Infraestructura.csproj", "{16C2BDB2-E4D6-49F8-8B43-7A33AA2D85E4}"
EndProject
Project("{FAE04EC0-301F-11D3-BF4B-00C04F79EFBC}") = "API", "API\API.csproj", "{72043908-78F9-4D9D-B7C1-9C2E25964663}"
EndProject
Global
	GlobalSection(SolutionConfigurationPlatforms) = preSolution
		Debug|Any CPU = Debug|Any CPU
		Release|Any CPU = Release|Any CPU
	EndGlobalSection
	GlobalSection(ProjectConfigurationPlatforms) = postSolution
		{C4494284-FB8B-4396-A2C5-97F6236016B2}.Debug|Any CPU.ActiveCfg = Debug|Any CPU
		{C4494284-FB8B-4396-A2C5-97F6236016B2}.Debug|Any CPU.Build.0 = Debug|Any CPU
		{C4494284-FB8B-4396-A2C5-97F6236016B2}.Release|Any CPU.ActiveCfg = Release|Any CPU
		{C4494284-FB8B-4396-A2C5-97F6236016B2}.Release|Any CPU.Build.0 = Release|Any CPU
		{16C2BDB2-E4D6-49F8-8B43-7A33AA2D85E4}.Debug|Any CPU.ActiveCfg = Debug|Any CPU
		{16C2BDB2-E4D6-49F8-8B43-7A33AA2D85E4}.Debug|Any CPU.Build.0 = Debug|Any CPU
		{16C2BDB2-E4D6-49F8-8B43-7A33AA2D85E4}.Release|Any CPU.ActiveCfg = Release|Any CPU
		{16C2BDB2-E4D6-49F8-8B43-7A33AA2D85E4}.Release|Any CPU.Build.0 = Release|Any CPU
		{72043908-78F9-4D9D-B7C1-9C2E25964663}.Debug|Any CPU.ActiveCfg = Debug|Any CPU
		{72043908-78F9-4D9D-B7C1-9C2E25964663}.Debug|Any CPU.Build.0 = Debug|Any CPU
		{72043908-78F9-4D9D-B7C1-9C2E25964663}.Release|Any CPU.ActiveCfg = Release|Any CPU
		{72043908-78F9-4D9D-B7C1-9C2E25964663}.Release|Any CPU.Build.0 = Release|Any CPU
	EndGlobalSection
	GlobalSection(SolutionProperties) = preSolution
		HideSolutionNode = FALSE
	EndGlobalSection
	GlobalSection(ExtensibilityGlobals) = postSolution
		SolutionGuid = {021D0BB8-2469-4E5E-B584-8F74ABC12517}
	EndGlobalSection
EndGlobal
